
Microsoft Visual Studio Solution File, Format Version 12.00
# Visual Studio Version 16
VisualStudioVersion = 16.0.30128.74
MinimumVisualStudioVersion = 10.0.40219.1
Project("{FAE04EC0-301F-11D3-BF4B-00C04F79EFBC}") = "DigitalMusicAnalysis", "DigitalMusicAnalysis\DigitalMusicAnalysis.csproj", "{A9FAD579-3920-4010-9C9D-1FB385FD35A3}"
EndProject
Global
	GlobalSection(SolutionConfigurationPlatforms) = preSolution
		Debug|Any CPU = Debug|Any CPU
		Release|Any CPU = Release|Any CPU
	EndGlobalSection
	GlobalSection(ProjectConfigurationPlatforms) = postSolution
		{A9FAD579-3920-4010-9C9D-1FB385FD35A3}.Debug|Any CPU.ActiveCfg = Debug|Any CPU
		{A9FAD579-3920-4010-9C9D-1FB385FD35A3}.Debug|Any CPU.Build.0 = Debug|Any CPU
		{A9FAD579-3920-4010-9C9D-1FB385FD35A3}.Release|Any CPU.ActiveCfg = Release|Any CPU
		{A9FAD579-3920-4010-9C9D-1FB385FD35A3}.Release|Any CPU.Build.0 = Release|Any CPU
	EndGlobalSection
	GlobalSection(SolutionProperties) = preSolution
		HideSolutionNode = FALSE
	EndGlobalSection
	GlobalSection(ExtensibilityGlobals) = postSolution
		SolutionGuid = {1D992D3C-9F07-4D0A-A6A3-BDD1D38AAB62}
	EndGlobalSection
EndGlobal
